[[package]]
name = "lark-parser"
version = "0.12.0"
description = "a modern parsing library"
category = "main"
optional = false
python-versions = "*"

[package.extras]
atomic-cache = ["atomicwrites"]
nearley = ["js2py"]
regex = ["regex"]

[metadata]
lock-version = "1.1"
python-versions = "^3.10"
content-hash = "13b79c3b8dcbda6768897ce2de93db42bde7daba97ed35e49cc12468f26e873d"

[metadata.files]
lark-parser = [
    {file = "lark-parser-0.12.0.tar.gz", hash = "sha256:15967db1f1214013dca65b1180745047b9be457d73da224fcda3d9dd4e96a138"},
    {file = "lark_parser-0.12.0-py2.py3-none-any.whl", hash = "sha256:0eaf30cb5ba787fe404d73a7d6e61df97b21d5a63ac26c5008c78a494373c675"},
]
